
Microsoft Visual Studio Solution File, Format Version 12.00
# Visual Studio Version 17
VisualStudioVersion = 17.10.35027.167
MinimumVisualStudioVersion = 10.0.40219.1
Project("{9A19103F-16F7-4668-BE54-9A1E7A4F7556}") = "TechnicalAxos_RubenRojas", "TechnicalAxos_RubenRojas\TechnicalAxos_RubenRojas.csproj", "{C0B06C65-21E5-4E44-9B16-A45443FAE064}"
EndProject
Project("{FAE04EC0-301F-11D3-BF4B-00C04F79EFBC}") = "TechnicalAxos_RubenRojas.Tests", "TechnicalAxos_RubenRojas.Tests\TechnicalAxos_RubenRojas.Tests.csproj", "{472DD825-C160-47EA-806D-93656DD1CD33}"
EndProject
Global
	GlobalSection(SolutionConfigurationPlatforms) = preSolution
		Debug|Any CPU = Debug|Any CPU
		Release|Any CPU = Release|Any CPU
	EndGlobalSection
	GlobalSection(ProjectConfigurationPlatforms) = postSolution
		{C0B06C65-21E5-4E44-9B16-A45443FAE064}.Debug|Any CPU.ActiveCfg = Debug|Any CPU
		{C0B06C65-21E5-4E44-9B16-A45443FAE064}.Debug|Any CPU.Build.0 = Debug|Any CPU
		{C0B06C65-21E5-4E44-9B16-A45443FAE064}.Debug|Any CPU.Deploy.0 = Debug|Any CPU
		{C0B06C65-21E5-4E44-9B16-A45443FAE064}.Release|Any CPU.ActiveCfg = Release|Any CPU
		{C0B06C65-21E5-4E44-9B16-A45443FAE064}.Release|Any CPU.Build.0 = Release|Any CPU
		{C0B06C65-21E5-4E44-9B16-A45443FAE064}.Release|Any CPU.Deploy.0 = Release|Any CPU
		{472DD825-C160-47EA-806D-93656DD1CD33}.Debug|Any CPU.ActiveCfg = Debug|Any CPU
		{472DD825-C160-47EA-806D-93656DD1CD33}.Debug|Any CPU.Build.0 = Debug|Any CPU
		{472DD825-C160-47EA-806D-93656DD1CD33}.Release|Any CPU.ActiveCfg = Release|Any CPU
		{472DD825-C160-47EA-806D-93656DD1CD33}.Release|Any CPU.Build.0 = Release|Any CPU
	EndGlobalSection
	GlobalSection(SolutionProperties) = preSolution
		HideSolutionNode = FALSE
	EndGlobalSection
	GlobalSection(ExtensibilityGlobals) = postSolution
		SolutionGuid = {D8216233-8141-4D01-BF15-C69778060723}
	EndGlobalSection
EndGlobal
